
Microsoft Visual Studio Solution File, Format Version 12.00
# Visual Studio Version 16
VisualStudioVersion = 16.0.30225.117
MinimumVisualStudioVersion = 10.0.40219.1
Project("{FAE04EC0-301F-11D3-BF4B-00C04F79EFBC}") = "ThetaTest", "ThetaTest\ThetaTest.csproj", "{CA4B8E9A-D971-4BF9-8DE8-E9FF886CB1BD}"
EndProject
Global
	GlobalSection(SolutionConfigurationPlatforms) = preSolution
		Debug|Any CPU = Debug|Any CPU
		Release|Any CPU = Release|Any CPU
	EndGlobalSection
	GlobalSection(ProjectConfigurationPlatforms) = postSolution
		{CA4B8E9A-D971-4BF9-8DE8-E9FF886CB1BD}.Debug|Any CPU.ActiveCfg = Debug|Any CPU
		{CA4B8E9A-D971-4BF9-8DE8-E9FF886CB1BD}.Debug|Any CPU.Build.0 = Debug|Any CPU
		{CA4B8E9A-D971-4BF9-8DE8-E9FF886CB1BD}.Release|Any CPU.ActiveCfg = Release|Any CPU
		{CA4B8E9A-D971-4BF9-8DE8-E9FF886CB1BD}.Release|Any CPU.Build.0 = Release|Any CPU
	EndGlobalSection
	GlobalSection(SolutionProperties) = preSolution
		HideSolutionNode = FALSE
	EndGlobalSection
	GlobalSection(ExtensibilityGlobals) = postSolution
		SolutionGuid = {F467FFAA-9F3A-4DFF-84E0-DB3D2562C653}
	EndGlobalSection
EndGlobal
